
Microsoft Visual Studio Solution File, Format Version 12.00
# Visual Studio 2013
VisualStudioVersion = 12.0.30324.0
MinimumVisualStudioVersion = 10.0.40219.1
Project("{FAE04EC0-301F-11D3-BF4B-00C04F79EFBC}") = "FrameworkProfiles", "FrameworkProfiles\FrameworkProfiles.csproj", "{0C34B73C-1935-45CD-9EF2-579A7D1B2D23}"
EndProject
Project("{FAE04EC0-301F-11D3-BF4B-00C04F79EFBC}") = "AsJson", "AsJson\AsJson.csproj", "{86FEB8AE-2E98-4C53-9F1F-ADA4080E247B}"
EndProject
Project("{2150E333-8FDC-42A3-9474-1A3956D46DE8}") = "Solution Items", "Solution Items", "{3E1B5E2F-8069-4DB2-B6F8-8549788A38A1}"
	ProjectSection(SolutionItems) = preProject
		..\README.md = ..\README.md
	EndProjectSection
EndProject
Global
	GlobalSection(SolutionConfigurationPlatforms) = preSolution
		Debug|Any CPU = Debug|Any CPU
		Release|Any CPU = Release|Any CPU
	EndGlobalSection
	GlobalSection(ProjectConfigurationPlatforms) = postSolution
		{0C34B73C-1935-45CD-9EF2-579A7D1B2D23}.Debug|Any CPU.ActiveCfg = Debug|Any CPU
		{0C34B73C-1935-45CD-9EF2-579A7D1B2D23}.Debug|Any CPU.Build.0 = Debug|Any CPU
		{0C34B73C-1935-45CD-9EF2-579A7D1B2D23}.Release|Any CPU.ActiveCfg = Release|Any CPU
		{0C34B73C-1935-45CD-9EF2-579A7D1B2D23}.Release|Any CPU.Build.0 = Release|Any CPU
		{86FEB8AE-2E98-4C53-9F1F-ADA4080E247B}.Debug|Any CPU.ActiveCfg = Debug|Any CPU
		{86FEB8AE-2E98-4C53-9F1F-ADA4080E247B}.Debug|Any CPU.Build.0 = Debug|Any CPU
		{86FEB8AE-2E98-4C53-9F1F-ADA4080E247B}.Release|Any CPU.ActiveCfg = Release|Any CPU
		{86FEB8AE-2E98-4C53-9F1F-ADA4080E247B}.Release|Any CPU.Build.0 = Release|Any CPU
	EndGlobalSection
	GlobalSection(SolutionProperties) = preSolution
		HideSolutionNode = FALSE
	EndGlobalSection
EndGlobal
